<?xml version="1.0" encoding="utf-8"?>
<Project ToolsVersion="4.0" xmlns="http://schemas.microsoft.com/developer/msbuild/2003">
  <ItemGroup>
    <Filter Include="소스 파일">
      <UniqueIdentifier>{4FC737F1-C7A5-4376-A066-2A32D752A2FF}</UniqueIdentifier>
      <Extensions>cpp;c;cc;cxx;def;odl;idl;hpj;bat;asm;asmx</Extensions>
    </Filter>
    <Filter Include="헤더 파일">
      <UniqueIdentifier>{93995380-89BD-4b04-88EB-625FBE52EBFB}</UniqueIdentifier>
      <Extensions>h;hh;hpp;hxx;hm;inl;inc;xsd</Extensions>
    </Filter>
    <Filter Include="리소스 파일">
      <UniqueIdentifier>{67DA6AB6-F800-4c08-8B7A-83BB121AAD01}</UniqueIdentifier>
      <Extensions>rc;ico;cur;bmp;dlg;rc2;rct;bin;rgs;gif;jpg;jpeg;jpe;resx;tiff;tif;png;wav;mfcribbon-ms</Extensions>
    </Filter>
  </ItemGroup>
  <ItemGroup>
    <ClCompile Include="2493.cpp">
      <Filter>소스 파일</Filter>
    </ClCompile>
    <ClCompile Include="2252.cpp">
      <Filter>소스 파일</Filter>
    </ClCompile>
    <ClCompile Include="1002.cpp">
      <Filter>소스 파일</Filter>
    </ClCompile>
    <ClCompile Include="10826.cpp">
      <Filter>소스 파일</Filter>
    </ClCompile>
    <ClCompile Include="2252-1.cpp">
      <Filter>소스 파일</Filter>
    </ClCompile>
    <ClCompile Include="2252-2.cpp">
      <Filter>소스 파일</Filter>
    </ClCompile>
    <ClCompile Include="1920.cpp">
      <Filter>소스 파일</Filter>
    </ClCompile>
    <ClCompile Include="1009.cpp">
      <Filter>소스 파일</Filter>
    </ClCompile>
    <ClCompile Include="2530.cpp">
      <Filter>소스 파일</Filter>
    </ClCompile>
    <ClCompile Include="2506.cpp">
      <Filter>소스 파일</Filter>
    </ClCompile>
    <ClCompile Include="2456.cpp">
      <Filter>소스 파일</Filter>
    </ClCompile>
    <ClCompile Include="2466.cpp">
      <Filter>소스 파일</Filter>
    </ClCompile>
    <ClCompile Include="2445.cpp">
      <Filter>소스 파일</Filter>
    </ClCompile>
    <ClCompile Include="2522.cpp">
      <Filter>소스 파일</Filter>
    </ClCompile>
    <ClCompile Include="2523.cpp">
      <Filter>소스 파일</Filter>
    </ClCompile>
    <ClCompile Include="2167.cpp">
      <Filter>소스 파일</Filter>
    </ClCompile>
    <ClCompile Include="2037.cpp">
      <Filter>소스 파일</Filter>
    </ClCompile>
    <ClCompile Include="1991.cpp">
      <Filter>소스 파일</Filter>
    </ClCompile>
    <ClCompile Include="2805.cpp">
      <Filter>소스 파일</Filter>
    </ClCompile>
    <ClCompile Include="8913.cpp">
      <Filter>소스 파일</Filter>
    </ClCompile>
    <ClCompile Include="2748.cpp">
      <Filter>소스 파일</Filter>
    </ClCompile>
    <ClCompile Include="2749.cpp">
      <Filter>소스 파일</Filter>
    </ClCompile>
    <ClCompile Include="2133.cpp">
      <Filter>소스 파일</Filter>
    </ClCompile>
    <ClCompile Include="10865.cpp">
      <Filter>소스 파일</Filter>
    </ClCompile>
    <ClCompile Include="5717.cpp">
      <Filter>소스 파일</Filter>
    </ClCompile>
    <ClCompile Include="2805-1.cpp">
      <Filter>소스 파일</Filter>
    </ClCompile>
    <ClCompile Include="2644.cpp">
      <Filter>소스 파일</Filter>
    </ClCompile>
    <ClCompile Include="2738.cpp">
      <Filter>소스 파일</Filter>
    </ClCompile>
    <ClCompile Include="2740.cpp">
      <Filter>소스 파일</Filter>
    </ClCompile>
    <ClCompile Include="11049.cpp">
      <Filter>소스 파일</Filter>
    </ClCompile>
    <ClCompile Include="12796_미제.cpp">
      <Filter>소스 파일</Filter>
    </ClCompile>
    <ClCompile Include="2407.cpp">
      <Filter>소스 파일</Filter>
    </ClCompile>
    <ClCompile Include="1793.cpp">
      <Filter>소스 파일</Filter>
    </ClCompile>
    <ClCompile Include="1927.cpp">
      <Filter>소스 파일</Filter>
    </ClCompile>
    <ClCompile Include="1715_미제.cpp">
      <Filter>소스 파일</Filter>
    </ClCompile>
    <ClCompile Include="9295.cpp">
      <Filter>소스 파일</Filter>
    </ClCompile>
    <ClCompile Include="10178.cpp">
      <Filter>소스 파일</Filter>
    </ClCompile>
    <ClCompile Include="11655.cpp">
      <Filter>소스 파일</Filter>
    </ClCompile>
    <ClCompile Include="11719.cpp">
      <Filter>소스 파일</Filter>
    </ClCompile>
    <ClCompile Include="11720.cpp">
      <Filter>소스 파일</Filter>
    </ClCompile>
    <ClCompile Include="11727.cpp">
      <Filter>소스 파일</Filter>
    </ClCompile>
    <ClCompile Include="11728.cpp">
      <Filter>소스 파일</Filter>
    </ClCompile>
    <ClCompile Include="11724.cpp">
      <Filter>소스 파일</Filter>
    </ClCompile>
    <ClCompile Include="11279.cpp">
      <Filter>소스 파일</Filter>
    </ClCompile>
    <ClCompile Include="11286.cpp">
      <Filter>소스 파일</Filter>
    </ClCompile>
    <ClCompile Include="1848_미제.cpp">
      <Filter>소스 파일</Filter>
    </ClCompile>
    <ClCompile Include="4195_미제.cpp">
      <Filter>소스 파일</Filter>
    </ClCompile>
    <ClCompile Include="1260.cpp">
      <Filter>소스 파일</Filter>
    </ClCompile>
    <ClCompile Include="2693.cpp">
      <Filter>소스 파일</Filter>
    </ClCompile>
    <ClCompile Include="8958.cpp">
      <Filter>소스 파일</Filter>
    </ClCompile>
    <ClCompile Include="5347.cpp">
      <Filter>소스 파일</Filter>
    </ClCompile>
    <ClCompile Include="5086.cpp">
      <Filter>소스 파일</Filter>
    </ClCompile>
    <ClCompile Include="9086.cpp">
      <Filter>소스 파일</Filter>
    </ClCompile>
    <ClCompile Include="2675.cpp">
      <Filter>소스 파일</Filter>
    </ClCompile>
    <ClCompile Include="1718.cpp">
      <Filter>소스 파일</Filter>
    </ClCompile>
    <ClCompile Include="2775.cpp">
      <Filter>소스 파일</Filter>
    </ClCompile>
    <ClCompile Include="2161.cpp">
      <Filter>소스 파일</Filter>
    </ClCompile>
    <ClCompile Include="1966.cpp">
      <Filter>소스 파일</Filter>
    </ClCompile>
    <ClCompile Include="1874.cpp">
      <Filter>소스 파일</Filter>
    </ClCompile>
    <ClCompile Include="2751.cpp">
      <Filter>소스 파일</Filter>
    </ClCompile>
    <ClCompile Include="1181.cpp">
      <Filter>소스 파일</Filter>
    </ClCompile>
    <ClCompile Include="1431.cpp">
      <Filter>소스 파일</Filter>
    </ClCompile>
    <ClCompile Include="10989.cpp">
      <Filter>소스 파일</Filter>
    </ClCompile>
    <ClCompile Include="1912.cpp">
      <Filter>소스 파일</Filter>
    </ClCompile>
    <ClCompile Include="10987.cpp">
      <Filter>소스 파일</Filter>
    </ClCompile>
    <ClCompile Include="10984.cpp">
      <Filter>소스 파일</Filter>
    </ClCompile>
    <ClCompile Include="10990.cpp">
      <Filter>소스 파일</Filter>
    </ClCompile>
    <ClCompile Include="10995.cpp">
      <Filter>소스 파일</Filter>
    </ClCompile>
    <ClCompile Include="10991.cpp">
      <Filter>소스 파일</Filter>
    </ClCompile>
    <ClCompile Include="2776.cpp">
      <Filter>소스 파일</Filter>
    </ClCompile>
    <ClCompile Include="2355.cpp">
      <Filter>소스 파일</Filter>
    </ClCompile>
    <ClCompile Include="11004.cpp">
      <Filter>소스 파일</Filter>
    </ClCompile>
    <ClCompile Include="10757.cpp">
      <Filter>소스 파일</Filter>
    </ClCompile>
    <ClCompile Include="9465.cpp">
      <Filter>소스 파일</Filter>
    </ClCompile>
    <ClCompile Include="2163.cpp">
      <Filter>소스 파일</Filter>
    </ClCompile>
    <ClCompile Include="1546.cpp">
      <Filter>소스 파일</Filter>
    </ClCompile>
    <ClCompile Include="5433.cpp">
      <Filter>소스 파일</Filter>
    </ClCompile>
    <ClCompile Include="1149.cpp">
      <Filter>소스 파일</Filter>
    </ClCompile>
    <ClCompile Include="1932.cpp">
      <Filter>소스 파일</Filter>
    </ClCompile>
    <ClCompile Include="11674.cpp">
      <Filter>소스 파일</Filter>
    </ClCompile>
    <ClCompile Include="1965.cpp">
      <Filter>소스 파일</Filter>
    </ClCompile>
    <ClCompile Include="10999_복습필요.cpp">
      <Filter>소스 파일</Filter>
    </ClCompile>
    <ClCompile Include="contestA.cpp">
      <Filter>소스 파일</Filter>
    </ClCompile>
    <ClCompile Include="contestB.cpp">
      <Filter>소스 파일</Filter>
    </ClCompile>
    <ClCompile Include="contestC.cpp">
      <Filter>소스 파일</Filter>
    </ClCompile>
    <ClCompile Include="4458.cpp">
      <Filter>소스 파일</Filter>
    </ClCompile>
    <ClCompile Include="4504.cpp">
      <Filter>소스 파일</Filter>
    </ClCompile>
    <ClCompile Include="4470.cpp">
      <Filter>소스 파일</Filter>
    </ClCompile>
    <ClCompile Include="4597.cpp">
      <Filter>소스 파일</Filter>
    </ClCompile>
    <ClCompile Include="4493.cpp">
      <Filter>소스 파일</Filter>
    </ClCompile>
    <ClCompile Include="4766.cpp">
      <Filter>소스 파일</Filter>
    </ClCompile>
    <ClCompile Include="4880.cpp">
      <Filter>소스 파일</Filter>
    </ClCompile>
    <ClCompile Include="5586.cpp">
      <Filter>소스 파일</Filter>
    </ClCompile>
    <ClCompile Include="5532.cpp">
      <Filter>소스 파일</Filter>
    </ClCompile>
    <ClCompile Include="5533.cpp">
      <Filter>소스 파일</Filter>
    </ClCompile>
    <ClCompile Include="4153.cpp">
      <Filter>소스 파일</Filter>
    </ClCompile>
    <ClCompile Include="5522.cpp">
      <Filter>소스 파일</Filter>
    </ClCompile>
    <ClCompile Include="10833.cpp">
      <Filter>소스 파일</Filter>
    </ClCompile>
    <ClCompile Include="10797.cpp">
      <Filter>소스 파일</Filter>
    </ClCompile>
    <ClCompile Include="10798.cpp">
      <Filter>소스 파일</Filter>
    </ClCompile>
    <ClCompile Include="10801.cpp">
      <Filter>소스 파일</Filter>
    </ClCompile>
    <ClCompile Include="10804.cpp">
      <Filter>소스 파일</Filter>
    </ClCompile>
    <ClCompile Include="10819.cpp">
      <Filter>소스 파일</Filter>
    </ClCompile>
    <ClCompile Include="10818.cpp">
      <Filter>소스 파일</Filter>
    </ClCompile>
    <ClCompile Include="10815.cpp">
      <Filter>소스 파일</Filter>
    </ClCompile>
    <ClCompile Include="11047.cpp">
      <Filter>소스 파일</Filter>
    </ClCompile>
    <ClCompile Include="11666.cpp">
      <Filter>소스 파일</Filter>
    </ClCompile>
    <ClCompile Include="10825.cpp">
      <Filter>소스 파일</Filter>
    </ClCompile>
    <ClCompile Include="10829.cpp">
      <Filter>소스 파일</Filter>
    </ClCompile>
    <ClCompile Include="1629.cpp">
      <Filter>소스 파일</Filter>
    </ClCompile>
    <ClCompile Include="1834.cpp">
      <Filter>소스 파일</Filter>
    </ClCompile>
    <ClCompile Include="10926.cpp">
      <Filter>소스 파일</Filter>
    </ClCompile>
    <ClCompile Include="10886.cpp">
      <Filter>소스 파일</Filter>
    </ClCompile>
    <ClCompile Include="10866.cpp">
      <Filter>소스 파일</Filter>
    </ClCompile>
    <ClCompile Include="3062.cpp">
      <Filter>소스 파일</Filter>
    </ClCompile>
    <ClCompile Include="2300_미제어려움.cpp">
      <Filter>소스 파일</Filter>
    </ClCompile>
    <ClCompile Include="2293d.cpp">
      <Filter>소스 파일</Filter>
    </ClCompile>
    <ClCompile Include="2346미제_짜증남.cpp">
      <Filter>소스 파일</Filter>
    </ClCompile>
    <ClCompile Include="2294.cpp">
      <Filter>소스 파일</Filter>
    </ClCompile>
    <ClCompile Include="1406.cpp">
      <Filter>소스 파일</Filter>
    </ClCompile>
    <ClCompile Include="2511.cpp">
      <Filter>소스 파일</Filter>
    </ClCompile>
    <ClCompile Include="1292.cpp">
      <Filter>소스 파일</Filter>
    </ClCompile>
    <ClCompile Include="1100.cpp">
      <Filter>소스 파일</Filter>
    </ClCompile>
    <ClCompile Include="1193.cpp">
      <Filter>소스 파일</Filter>
    </ClCompile>
    <ClCompile Include="2010.cpp">
      <Filter>소스 파일</Filter>
    </ClCompile>
    <ClCompile Include="1110.cpp">
      <Filter>소스 파일</Filter>
    </ClCompile>
    <ClCompile Include="2420.cpp">
      <Filter>소스 파일</Filter>
    </ClCompile>
    <ClCompile Include="1032.cpp">
      <Filter>소스 파일</Filter>
    </ClCompile>
    <ClCompile Include="1075.cpp">
      <Filter>소스 파일</Filter>
    </ClCompile>
    <ClCompile Include="6502.cpp">
      <Filter>소스 파일</Filter>
    </ClCompile>
    <ClCompile Include="9076.cpp">
      <Filter>소스 파일</Filter>
    </ClCompile>
    <ClCompile Include="2292.cpp">
      <Filter>소스 파일</Filter>
    </ClCompile>
    <ClCompile Include="2309.cpp">
      <Filter>소스 파일</Filter>
    </ClCompile>
    <ClCompile Include="1111미제.cpp">
      <Filter>소스 파일</Filter>
    </ClCompile>
    <ClCompile Include="1485.cpp">
      <Filter>소스 파일</Filter>
    </ClCompile>
    <ClCompile Include="2343미제.cpp">
      <Filter>소스 파일</Filter>
    </ClCompile>
    <ClCompile Include="2357.cpp">
      <Filter>소스 파일</Filter>
    </ClCompile>
    <ClCompile Include="10874.cpp">
      <Filter>소스 파일</Filter>
    </ClCompile>
    <ClCompile Include="1463.cpp">
      <Filter>소스 파일</Filter>
    </ClCompile>
    <ClCompile Include="1010_문제번호이상.cpp">
      <Filter>소스 파일</Filter>
    </ClCompile>
    <ClCompile Include="1010.cpp">
      <Filter>소스 파일</Filter>
    </ClCompile>
    <ClCompile Include="2193.cpp">
      <Filter>소스 파일</Filter>
    </ClCompile>
    <ClCompile Include="1978.cpp">
      <Filter>소스 파일</Filter>
    </ClCompile>
    <ClCompile Include="9653.cpp">
      <Filter>소스 파일</Filter>
    </ClCompile>
    <ClCompile Include="1004.cpp">
      <Filter>소스 파일</Filter>
    </ClCompile>
    <ClCompile Include="2156.cpp">
      <Filter>소스 파일</Filter>
    </ClCompile>
    <ClCompile Include="7489_2553.cpp">
      <Filter>소스 파일</Filter>
    </ClCompile>
    <ClCompile Include="2579.cpp">
      <Filter>소스 파일</Filter>
    </ClCompile>
    <ClCompile Include="5337.cpp">
      <Filter>소스 파일</Filter>
    </ClCompile>
    <ClCompile Include="7567.cpp">
      <Filter>소스 파일</Filter>
    </ClCompile>
    <ClCompile Include="2178.cpp">
      <Filter>소스 파일</Filter>
    </ClCompile>
    <ClCompile Include="9012.cpp">
      <Filter>소스 파일</Filter>
    </ClCompile>
    <ClCompile Include="5339.cpp">
      <Filter>소스 파일</Filter>
    </ClCompile>
    <ClCompile Include="1094.cpp">
      <Filter>소스 파일</Filter>
    </ClCompile>
    <ClCompile Include="2606.cpp">
      <Filter>소스 파일</Filter>
    </ClCompile>
    <ClCompile Include="10171.cpp">
      <Filter>소스 파일</Filter>
    </ClCompile>
    <ClCompile Include="1012.cpp">
      <Filter>소스 파일</Filter>
    </ClCompile>
    <ClCompile Include="9654.cpp">
      <Filter>소스 파일</Filter>
    </ClCompile>
    <ClCompile Include="10170.cpp">
      <Filter>소스 파일</Filter>
    </ClCompile>
    <ClCompile Include="9461.cpp">
      <Filter>소스 파일</Filter>
    </ClCompile>
    <ClCompile Include="10172.cpp">
      <Filter>소스 파일</Filter>
    </ClCompile>
    <ClCompile Include="4999.cpp">
      <Filter>소스 파일</Filter>
    </ClCompile>
    <ClCompile Include="10156.cpp">
      <Filter>소스 파일</Filter>
    </ClCompile>
    <ClCompile Include="1735.cpp">
      <Filter>소스 파일</Filter>
    </ClCompile>
    <ClCompile Include="2609.cpp">
      <Filter>소스 파일</Filter>
    </ClCompile>
    <ClCompile Include="9325.cpp">
      <Filter>소스 파일</Filter>
    </ClCompile>
    <ClCompile Include="3052.cpp">
      <Filter>소스 파일</Filter>
    </ClCompile>
    <ClCompile Include="11403.cpp">
      <Filter>소스 파일</Filter>
    </ClCompile>
    <ClCompile Include="1676.cpp">
      <Filter>소스 파일</Filter>
    </ClCompile>
    <ClCompile Include="2605.cpp">
      <Filter>소스 파일</Filter>
    </ClCompile>
    <ClCompile Include="1182.cpp">
      <Filter>소스 파일</Filter>
    </ClCompile>
    <ClCompile Include="1476.cpp">
      <Filter>소스 파일</Filter>
    </ClCompile>
    <ClCompile Include="1212.cpp">
      <Filter>소스 파일</Filter>
    </ClCompile>
    <ClCompile Include="2869.cpp">
      <Filter>소스 파일</Filter>
    </ClCompile>
    <ClCompile Include="7568.cpp">
      <Filter>소스 파일</Filter>
    </ClCompile>
  </ItemGroup>
</Project>